{
    "article_summary": "f'Fetch a webpage and call {call_llm} to get the summary of the webpage. \\n    The input is the url of the webpage and the output is the summary of the webpage.' The function call_llm is ready to use, and has signature (user_input: str, sys_prompt: str = '', ai_input: str = '') -> str. You can just call it.",
    "send_discord": "f'\\n    Implement a Function to send a message to a Discord webhook\\n    :param message: string, the message to send\\n    the discord_webhook is {discord_webhook}\\n    '\n The variable: discord_webhook is already defined, you can just use it.",
    "split_messages_to_send": "f'Implement a python function that can split a message and send it to discord.\\n    :param message: string, the message to send to discord\\n    :param delimiter: string, the delimiter to split the message\\n    Rules:\\n    1. The message is a long string that has bullet points and delimited by \"delimiter\".\\n    2. The message should be split by 2000 characters and send to discord.\\n    3. The message send to discord should be sub group of the original message, which is split by \"delimiter\", and has a maximum length of 2000 characters.\\n\\n    To send to discord you can call {send_discord} function.\\n    ' The function send_discord is ready to use, and has signature (message) -> None. You can just call it."
}