{
    "get_top_hacker_news": "f\"\"\"Implement a function that can fetch the top hacker news, which mention certain keywords, e.g. 'gpt', 'llm', 'workflow', 'serverless'.\\n    You can use the url \"https://hacker-news.firebaseio.com/v0/topstories.json\" to fetch the top hacker news. \\n    Please only return the story title and the url.\\n    The input is the keywords and the output is a list of the news.\"\"\""
}